# 锁定依赖（对齐上游 requirements.txt 约束 + Worker 自身 API 依赖）。
#
# 上游 UZI requirements.txt 本身使用 >= 约束（未精确锁定），本文件沿用
# 同样的 >= 约束以保证可重复安装与上游兼容。如需精确锁定，请在 Worker
# 独立 venv 中用 pip-compile 生成（文档 §19.2：锁文件生成工具只能安装
# 在临时或 Worker 虚拟环境中，不得安装到系统 Python）。
#
# 安装顺序：pip install -r requirements.lock，然后 playwright install chromium。

# ── Worker 自身 API 依赖（独立 FastAPI 服务）──────────────
fastapi>=0.111.0
uvicorn[standard]>=0.29.0
httpx>=0.27.0
pydantic>=2.7.0

# ── UZI Stage 1/2 运行依赖（对齐上游 requirements.txt）────
# A 股 / 港股 / 美股核心数据 (免费、零 key)
akshare>=1.14.0
yfinance>=0.2.40
baostock>=0.9.1
# 数据处理
pandas>=2.0.0
requests>=2.31.0
# Web 搜索 (定性维度兜底)
ddgs>=9.0.0
# K 线渲染 (PNG 出图)
mplfinance>=0.12.10b0
# 报告截图 (Playwright + Chromium)
playwright>=1.42.0
# 颜色和格式
rich>=13.0.0

# ── 测试 ─────────────────────────────────────────────────
pytest>=8.0.0
